
Microsoft Visual Studio Solution File, Format Version 12.00
# Visual Studio Version 17
VisualStudioVersion = 17.2.32630.192
MinimumVisualStudioVersion = 10.0.40219.1
Project("{FAE04EC0-301F-11D3-BF4B-00C04F79EFBC}") = "WebServer", "WebServer\WebServer.csproj", "{9AF0F647-D555-4E4C-B259-D3DDFF53F583}"
EndProject
Project("{9A19103F-16F7-4668-BE54-9A1E7A4F7556}") = "Website", "Website\Website.csproj", "{ECC1472B-E453-4DDF-B59E-12CD1B141B4A}"
EndProject
Project("{FAE04EC0-301F-11D3-BF4B-00C04F79EFBC}") = "ClientGUI", "ClientGUI\ClientGUI.csproj", "{29419A49-0634-4D6E-A1DB-573C723A78FD}"
EndProject
Project("{FAE04EC0-301F-11D3-BF4B-00C04F79EFBC}") = "RemoteServer", "RemoteServer\RemoteServer.csproj", "{F1CB7D46-30FF-4B71-A1AC-F2CD6BADA005}"
EndProject
Global
	GlobalSection(SolutionConfigurationPlatforms) = preSolution
		Debug|Any CPU = Debug|Any CPU
		Release|Any CPU = Release|Any CPU
	EndGlobalSection
	GlobalSection(ProjectConfigurationPlatforms) = postSolution
		{9AF0F647-D555-4E4C-B259-D3DDFF53F583}.Debug|Any CPU.ActiveCfg = Debug|Any CPU
		{9AF0F647-D555-4E4C-B259-D3DDFF53F583}.Debug|Any CPU.Build.0 = Debug|Any CPU
		{9AF0F647-D555-4E4C-B259-D3DDFF53F583}.Release|Any CPU.ActiveCfg = Release|Any CPU
		{9AF0F647-D555-4E4C-B259-D3DDFF53F583}.Release|Any CPU.Build.0 = Release|Any CPU
		{ECC1472B-E453-4DDF-B59E-12CD1B141B4A}.Debug|Any CPU.ActiveCfg = Debug|Any CPU
		{ECC1472B-E453-4DDF-B59E-12CD1B141B4A}.Debug|Any CPU.Build.0 = Debug|Any CPU
		{ECC1472B-E453-4DDF-B59E-12CD1B141B4A}.Release|Any CPU.ActiveCfg = Release|Any CPU
		{ECC1472B-E453-4DDF-B59E-12CD1B141B4A}.Release|Any CPU.Build.0 = Release|Any CPU
		{29419A49-0634-4D6E-A1DB-573C723A78FD}.Debug|Any CPU.ActiveCfg = Debug|Any CPU
		{29419A49-0634-4D6E-A1DB-573C723A78FD}.Debug|Any CPU.Build.0 = Debug|Any CPU
		{29419A49-0634-4D6E-A1DB-573C723A78FD}.Release|Any CPU.ActiveCfg = Release|Any CPU
		{29419A49-0634-4D6E-A1DB-573C723A78FD}.Release|Any CPU.Build.0 = Release|Any CPU
<<<<<<< HEAD
<<<<<<< HEAD
<<<<<<< HEAD
=======
=======
>>>>>>> 8b3695e7a7e0a9ae2697a9a145351cc07ee9aaf9
=======
>>>>>>> 8b3695e7a7e0a9ae2697a9a145351cc07ee9aaf9
		{F1CB7D46-30FF-4B71-A1AC-F2CD6BADA005}.Debug|Any CPU.ActiveCfg = Debug|Any CPU
		{F1CB7D46-30FF-4B71-A1AC-F2CD6BADA005}.Debug|Any CPU.Build.0 = Debug|Any CPU
		{F1CB7D46-30FF-4B71-A1AC-F2CD6BADA005}.Release|Any CPU.ActiveCfg = Release|Any CPU
		{F1CB7D46-30FF-4B71-A1AC-F2CD6BADA005}.Release|Any CPU.Build.0 = Release|Any CPU
<<<<<<< HEAD
<<<<<<< HEAD
>>>>>>> 8b3695e7a7e0a9ae2697a9a145351cc07ee9aaf9
=======
>>>>>>> 8b3695e7a7e0a9ae2697a9a145351cc07ee9aaf9
=======
>>>>>>> 8b3695e7a7e0a9ae2697a9a145351cc07ee9aaf9
	EndGlobalSection
	GlobalSection(SolutionProperties) = preSolution
		HideSolutionNode = FALSE
	EndGlobalSection
	GlobalSection(ExtensibilityGlobals) = postSolution
		SolutionGuid = {A95515A7-1058-4F23-B5CB-D5EC47AC1615}
	EndGlobalSection
EndGlobal
